
Microsoft Visual Studio Solution File, Format Version 12.00
# Visual Studio Version 16
VisualStudioVersion = 16.0.31729.503
MinimumVisualStudioVersion = 10.0.40219.1
Project("{9A19103F-16F7-4668-BE54-9A1E7A4F7556}") = "Util.UpdateDatabaseScripts", "Util.UpdateDatabaseScripts\Util.UpdateDatabaseScripts.csproj", "{307D5E54-3FC2-46E8-B69C-BF3B27C00893}"
EndProject
Global
	GlobalSection(SolutionConfigurationPlatforms) = preSolution
		Debug|Any CPU = Debug|Any CPU
		Release|Any CPU = Release|Any CPU
	EndGlobalSection
	GlobalSection(ProjectConfigurationPlatforms) = postSolution
		{307D5E54-3FC2-46E8-B69C-BF3B27C00893}.Debug|Any CPU.ActiveCfg = Debug|Any CPU
		{307D5E54-3FC2-46E8-B69C-BF3B27C00893}.Debug|Any CPU.Build.0 = Debug|Any CPU
		{307D5E54-3FC2-46E8-B69C-BF3B27C00893}.Release|Any CPU.ActiveCfg = Release|Any CPU
		{307D5E54-3FC2-46E8-B69C-BF3B27C00893}.Release|Any CPU.Build.0 = Release|Any CPU
	EndGlobalSection
	GlobalSection(SolutionProperties) = preSolution
		HideSolutionNode = FALSE
	EndGlobalSection
	GlobalSection(ExtensibilityGlobals) = postSolution
		SolutionGuid = {C190299C-473B-4B5F-BC5C-BDE43DB45585}
	EndGlobalSection
EndGlobal
